// !$*UTF8*$!
{
	archiveVersion = 1;
	classes = {
	};
	objectVersion = 48;
	objects = {

/* Begin PBXBuildFile section */
		8473356F1FB8539E0096C8D0 /* AppDelegate.swift in Sources */ = {isa = PBXBuildFile; fileRef = 8473356E1FB8539E0096C8D0 /* AppDelegate.swift */; };
		847335711FB8539E0096C8D0 /* ViewController.swift in Sources */ = {isa = PBXBuildFile; fileRef = 847335701FB8539E0096C8D0 /* ViewController.swift */; };
		847335741FB8539E0096C8D0 /* Main.storyboard in Resources */ = {isa = PBXBuildFile; fileRef = 847335721FB8539E0096C8D0 /* Main.storyboard */; };
		847335761FB8539E0096C8D0 /* Assets.xcassets in Resources */ = {isa = PBXBuildFile; fileRef = 847335751FB8539E0096C8D0 /* Assets.xcassets */; };
		847335791FB8539E0096C8D0 /* LaunchScreen.storyboard in Resources */ = {isa = PBXBuildFile; fileRef = 847335771FB8539E0096C8D0 /* LaunchScreen.storyboard */; };
/* End PBXBuildFile section */

/* Begin PBXFileReference section */
		8473356B1FB8539E0096C8D0 /* SwiftDemo17.app */ = {isa = PBXFileReference; explicitFileType = wrapper.application; includeInIndex = 0; path = SwiftDemo17.app; sourceTree = BUILT_PRODUCTS_DIR; };
		8473356E1FB8539E0096C8D0 /* AppDelegate.swift */ = {isa = PBXFileReference; lastKnownFileType = sourcecode.swift; path = AppDelegate.swift; sourceTree = "<group>"; };
		847335701FB8539E0096C8D0 /* ViewController.swift */ = {isa = PBXFileReference; lastKnownFileType = sourcecode.swift; path = ViewController.swift; sourceTree = "<group>"; };
		847335731FB8539E0096C8D0 /* Base */ = {isa = PBXFileReference; lastKnownFileType = file.storyboard; name = Base; path = Base.lproj/Main.storyboard; sourceTree = "<group>"; };
		847335751FB8539E0096C8D0 /* Assets.xcassets */ = {isa = PBXFileReference; lastKnownFileType = folder.assetcatalog; path = Assets.xcassets; sourceTree = "<group>"; };
		847335781FB8539E0096C8D0 /* Base */ = {isa = PBXFileReference; lastKnownFileType = file.storyboard; name = Base; path = Base.lproj/LaunchScreen.storyboard; sourceTree = "<group>"; };
		8473357A1FB8539E0096C8D0 /* Info.plist */ = {isa = PBXFileReference; lastKnownFileType = text.plist.xml; path = Info.plist; sourceTree = "<group>"; };
/* End PBXFileReference section */

/* Begin PBXFrameworksBuildPhase section */
		847335681FB8539E0096C8D0 /* Frameworks */ = {
			isa = PBXFrameworksBuildPhase;
			buildActionMask = 2147483647;
			files = (
			);
			runOnlyForDeploymentPostprocessing = 0;
		};
/* End PBXFrameworksBuildPhase section */

/* Begin PBXGroup section */
		847335621FB8539E0096C8D0 = {
			isa = PBXGroup;
			children = (
				8473356D1FB8539E0096C8D0 /* SwiftDemo17 */,
				8473356C1FB8539E0096C8D0 /* Products */,
			);
			sourceTree = "<group>";
		};
		8473356C1FB8539E0096C8D0 /* Products */ = {
			isa = PBXGroup;
			children = (
				8473356B1FB8539E0096C8D0 /* SwiftDemo17.app */,
			);
			name = Products;
			sourceTree = "<group>";
		};
		8473356D1FB8539E0096C8D0 /* SwiftDemo17 */ = {
			isa = PBXGroup;
			children = (
				8473356E1FB8539E0096C8D0 /* AppDelegate.swift */,
				847335701FB8539E0096C8D0 /* ViewController.swift */,
				847335721FB8539E0096C8D0 /* Main.storyboard */,
				847335751FB8539E0096C8D0 /* Assets.xcassets */,
				847335771FB8539E0096C8D0 /* LaunchScreen.storyboard */,
				8473357A1FB8539E0096C8D0 /* Info.plist */,
			);
			path = SwiftDemo17;
			sourceTree = "<group>";
		};
/* End PBXGroup section */

/* Begin PBXNativeTarget section */
		8473356A1FB8539E0096C8D0 /* SwiftDemo17 */ = {
			isa = PBXNativeTarget;
			buildConfigurationList = 8473357D1FB8539E0096C8D0 /* Build configuration list for PBXNativeTarget "SwiftDemo17" */;
			buildPhases = (
				847335671FB8539E0096C8D0 /* Sources */,
				847335681FB8539E0096C8D0 /* Frameworks */,
				847335691FB8539E0096C8D0 /* Resources */,
			);
			buildRules = (
			);
			dependencies = (
			);
			name = SwiftDemo17;
			productName = SwiftDemo17;
			productReference = 8473356B1FB8539E0096C8D0 /* SwiftDemo17.app */;
			productType = "com.apple.product-type.application";
		};
/* End PBXNativeTarget section */

/* Begin PBXProject section */
		847335631FB8539E0096C8D0 /* Project object */ = {
			isa = PBXProject;
			attributes = {
				LastSwiftUpdateCheck = 0910;
				LastUpgradeCheck = 0910;
				ORGANIZATIONNAME = Crack;
				TargetAttributes = {
					8473356A1FB8539E0096C8D0 = {
						CreatedOnToolsVersion = 9.1;
						ProvisioningStyle = Automatic;
					};
				};
			};
			buildConfigurationList = 847335661FB8539E0096C8D0 /* Build configuration list for PBXProject "SwiftDemo17" */;
			compatibilityVersion = "Xcode 8.0";
			developmentRegion = en;
			hasScannedForEncodings = 0;
			knownRegions = (
				en,
				Base,
			);
			mainGroup = 847335621FB8539E0096C8D0;
			productRefGroup = 8473356C1FB8539E0096C8D0 /* Products */;
			projectDirPath = "";
			projectRoot = "";
			targets = (
				8473356A1FB8539E0096C8D0 /* SwiftDemo17 */,
			);
		};
/* End PBXProject section */

/* Begin PBXResourcesBuildPhase section */
		847335691FB8539E0096C8D0 /* Resources */ = {
			isa = PBXResourcesBuildPhase;
			buildActionMask = 2147483647;
			files = (
				847335791FB8539E0096C8D0 /* LaunchScreen.storyboard in Resources */,
				847335761FB8539E0096C8D0 /* Assets.xcassets in Resources */,
				847335741FB8539E0096C8D0 /* Main.storyboard in Resources */,
			);
			runOnlyForDeploymentPostprocessing = 0;
		};
/* End PBXResourcesBuildPhase section */

/* Begin PBXSourcesBuildPhase section */
		847335671FB8539E0096C8D0 /* Sources */ = {
			isa = PBXSourcesBuildPhase;
			buildActionMask = 2147483647;
			files = (
				847335711FB8539E0096C8D0 /* ViewController.swift in Sources */,
				8473356F1FB8539E0096C8D0 /* AppDelegate.swift in Sources */,
			);
			runOnlyForDeploymentPostprocessing = 0;
		};
/* End PBXSourcesBuildPhase section */

/* Begin PBXVariantGroup section */
		847335721FB8539E0096C8D0 /* Main.storyboard */ = {
			isa = PBXVariantGroup;
			children = (
				847335731FB8539E0096C8D0 /* Base */,
			);
			name = Main.storyboard;
			sourceTree = "<group>";
		};
		847335771FB8539E0096C8D0 /* LaunchScreen.storyboard */ = {
			isa = PBXVariantGroup;
			children = (
				847335781FB8539E0096C8D0 /* Base */,
			);
			name = LaunchScreen.storyboard;
			sourceTree = "<group>";
		};
/* End PBXVariantGroup section */

/* Begin XCBuildConfiguration section */
		8473357B1FB8539E0096C8D0 /* Debug */ = {
			isa = XCBuildConfiguration;
			buildSettings = {
				ALWAYS_SEARCH_USER_PATHS = NO;
				CLANG_ANALYZER_NONNULL = YES;
				CLANG_ANALYZER_NUMBER_OBJECT_CONVERSION = YES_AGGRESSIVE;
				CLANG_CXX_LANGUAGE_STANDARD = "gnu++14";
				CLANG_CXX_LIBRARY = "libc++";
				CLANG_ENABLE_MODULES = YES;
				CLANG_ENABLE_OBJC_ARC = YES;
				CLANG_WARN_BLOCK_CAPTURE_AUTORELEASING = YES;
				CLANG_WARN_BOOL_CONVERSION = YES;
				CLANG_WARN_COMMA = YES;
				CLANG_WARN_CONSTANT_CONVERSION = YES;
				CLANG_WARN_DIRECT_OBJC_ISA_USAGE = YES_ERROR;
				CLANG_WARN_DOCUMENTATION_COMMENTS = YES;
				CLANG_WARN_EMPTY_BODY = YES;
				CLANG_WARN_ENUM_CONVERSION = YES;
				CLANG_WARN_INFINITE_RECURSION = YES;
				CLANG_WARN_INT_CONVERSION = YES;
				CLANG_WARN_NON_LITERAL_NULL_CONVERSION = YES;
				CLANG_WARN_OBJC_LITERAL_CONVERSION = YES;
				CLANG_WARN_OBJC_ROOT_CLASS = YES_ERROR;
				CLANG_WARN_RANGE_LOOP_ANALYSIS = YES;
				CLANG_WARN_STRICT_PROTOTYPES = YES;
				CLANG_WARN_SUSPICIOUS_MOVE = YES;
				CLANG_WARN_UNGUARDED_AVAILABILITY = YES_AGGRESSIVE;
				CLANG_WARN_UNREACHABLE_CODE = YES;
				CLANG_WARN__DUPLICATE_METHOD_MATCH = YES;
				CODE_SIGN_IDENTITY = "iPhone Developer";
				COPY_PHASE_STRIP = NO;
				DEBUG_INFORMATION_FORMAT = dwarf;
				ENABLE_STRICT_OBJC_MSGSEND = YES;
				ENABLE_TESTABILITY = YES;
				GCC_C_LANGUAGE_STANDARD = gnu11;
				GCC_DYNAMIC_NO_PIC = NO;
				GCC_NO_COMMON_BLOCKS = YES;
				GCC_OPTIMIZATION_LEVEL = 0;
				GCC_PREPROCESSOR_DEFINITIONS = (
					"DEBUG=1",
					"$(inherited)",
				);
				GCC_WARN_64_TO_32_BIT_CONVERSION = YES;
				GCC_WARN_ABOUT_RETURN_TYPE = YES_ERROR;
				GCC_WARN_UNDECLARED_SELECTOR = YES;
				GCC_WARN_UNINITIALIZED_AUTOS = YES_AGGRESSIVE;
				GCC_WARN_UNUSED_FUNCTION = YES;
				GCC_WARN_UNUSED_VARIABLE = YES;
				IPHONEOS_DEPLOYMENT_TARGET = 11.1;
				MTL_ENABLE_DEBUG_INFO = YES;
				ONLY_ACTIVE_ARCH = YES;
				SDKROOT = iphoneos;
				SWIFT_ACTIVE_COMPILATION_CONDITIONS = DEBUG;
				SWIFT_OPTIMIZATION_LEVEL = "-Onone";
			};
			name = Debug;
		};
		8473357C1FB8539E0096C8D0 /* Release */ = {
			isa = XCBuildConfiguration;
			buildSettings = {
				ALWAYS_SEARCH_USER_PATHS = NO;
				CLANG_ANALYZER_NONNULL = YES;
				CLANG_ANALYZER_NUMBER_OBJECT_CONVERSION = YES_AGGRESSIVE;
				CLANG_CXX_LANGUAGE_STANDARD = "gnu++14";
				CLANG_CXX_LIBRARY = "libc++";
				CLANG_ENABLE_MODULES = YES;
				CLANG_ENABLE_OBJC_ARC = YES;
				CLANG_WARN_BLOCK_CAPTURE_AUTORELEASING = YES;
				CLANG_WARN_BOOL_CONVERSION = YES;
				CLANG_WARN_COMMA = YES;
				CLANG_WARN_CONSTANT_CONVERSION = YES;
				CLANG_WARN_DIRECT_OBJC_ISA_USAGE = YES_ERROR;
				CLANG_WARN_DOCUMENTATION_COMMENTS = YES;
				CLANG_WARN_EMPTY_BODY = YES;
				CLANG_WARN_ENUM_CONVERSION = YES;
				CLANG_WARN_INFINITE_RECURSION = YES;
				CLANG_WARN_INT_CONVERSION = YES;
				CLANG_WARN_NON_LITERAL_NULL_CONVERSION = YES;
				CLANG_WARN_OBJC_LITERAL_CONVERSION = YES;
				CLANG_WARN_OBJC_ROOT_CLASS = YES_ERROR;
				CLANG_WARN_RANGE_LOOP_ANALYSIS = YES;
				CLANG_WARN_STRICT_PROTOTYPES = YES;
				CLANG_WARN_SUSPICIOUS_MOVE = YES;
				CLANG_WARN_UNGUARDED_AVAILABILITY = YES_AGGRESSIVE;
				CLANG_WARN_UNREACHABLE_CODE = YES;
				CLANG_WARN__DUPLICATE_METHOD_MATCH = YES;
				CODE_SIGN_IDENTITY = "iPhone Developer";
				COPY_PHASE_STRIP = NO;
				DEBUG_INFORMATION_FORMAT = "dwarf-with-dsym";
				ENABLE_NS_ASSERTIONS = NO;
				ENABLE_STRICT_OBJC_MSGSEND = YES;
				GCC_C_LANGUAGE_STANDARD = gnu11;
				GCC_NO_COMMON_BLOCKS = YES;
				GCC_WARN_64_TO_32_BIT_CONVERSION = YES;
				GCC_WARN_ABOUT_RETURN_TYPE = YES_ERROR;
				GCC_WARN_UNDECLARED_SELECTOR = YES;
				GCC_WARN_UNINITIALIZED_AUTOS = YES_AGGRESSIVE;
				GCC_WARN_UNUSED_FUNCTION = YES;
				GCC_WARN_UNUSED_VARIABLE = YES;
				IPHONEOS_DEPLOYMENT_TARGET = 11.1;
				MTL_ENABLE_DEBUG_INFO = NO;
				SDKROOT = iphoneos;
				SWIFT_OPTIMIZATION_LEVEL = "-Owholemodule";
				VALIDATE_PRODUCT = YES;
			};
			name = Release;
		};
		8473357E1FB8539E0096C8D0 /* Debug */ = {
			isa = XCBuildConfiguration;
			buildSettings = {
				ASSETCATALOG_COMPILER_APPICON_NAME = AppIcon;
				CODE_SIGN_STYLE = Automatic;
				INFOPLIST_FILE = SwiftDemo17/Info.plist;
				LD_RUNPATH_SEARCH_PATHS = "$(inherited) @executable_path/Frameworks";
				PRODUCT_BUNDLE_IDENTIFIER = com.pyw.SwiftDemo17;
				PRODUCT_NAME = "$(TARGET_NAME)";
				SWIFT_VERSION = 4.0;
				TARGETED_DEVICE_FAMILY = "1,2";
			};
			name = Debug;
		};
		8473357F1FB8539E0096C8D0 /* Release */ = {
			isa = XCBuildConfiguration;
			buildSettings = {
				ASSETCATALOG_COMPILER_APPICON_NAME = AppIcon;
				CODE_SIGN_STYLE = Automatic;
				INFOPLIST_FILE = SwiftDemo17/Info.plist;
				LD_RUNPATH_SEARCH_PATHS = "$(inherited) @executable_path/Frameworks";
				PRODUCT_BUNDLE_IDENTIFIER = com.pyw.SwiftDemo17;
				PRODUCT_NAME = "$(TARGET_NAME)";
				SWIFT_VERSION = 4.0;
				TARGETED_DEVICE_FAMILY = "1,2";
			};
			name = Release;
		};
/* End XCBuildConfiguration section */

/* Begin XCConfigurationList section */
		847335661FB8539E0096C8D0 /* Build configuration list for PBXProject "SwiftDemo17" */ = {
			isa = XCConfigurationList;
			buildConfigurations = (
				8473357B1FB8539E0096C8D0 /* Debug */,
				8473357C1FB8539E0096C8D0 /* Release */,
			);
			defaultConfigurationIsVisible = 0;
			defaultConfigurationName = Release;
		};
		8473357D1FB8539E0096C8D0 /* Build configuration list for PBXNativeTarget "SwiftDemo17" */ = {
			isa = XCConfigurationList;
			buildConfigurations = (
				8473357E1FB8539E0096C8D0 /* Debug */,
				8473357F1FB8539E0096C8D0 /* Release */,
			);
			defaultConfigurationIsVisible = 0;
			defaultConfigurationName = Release;
		};
/* End XCConfigurationList section */
	};
	rootObject = 847335631FB8539E0096C8D0 /* Project object */;
}
