// !$*UTF8*$!
{
	archiveVersion = 1;
	classes = {
	};
	objectVersion = 48;
	objects = {

/* Begin PBXBuildFile section */
		84F3D43E1FA829E200863F0E /* AppDelegate.swift in Sources */ = {isa = PBXBuildFile; fileRef = 84F3D43D1FA829E200863F0E /* AppDelegate.swift */; };
		84F3D4401FA829E200863F0E /* ViewController.swift in Sources */ = {isa = PBXBuildFile; fileRef = 84F3D43F1FA829E200863F0E /* ViewController.swift */; };
		84F3D4431FA829E200863F0E /* Main.storyboard in Resources */ = {isa = PBXBuildFile; fileRef = 84F3D4411FA829E200863F0E /* Main.storyboard */; };
		84F3D4451FA829E200863F0E /* Assets.xcassets in Resources */ = {isa = PBXBuildFile; fileRef = 84F3D4441FA829E200863F0E /* Assets.xcassets */; };
		84F3D4481FA829E200863F0E /* LaunchScreen.storyboard in Resources */ = {isa = PBXBuildFile; fileRef = 84F3D4461FA829E200863F0E /* LaunchScreen.storyboard */; };
		84F3D4501FA861A100863F0E /* MyLayout.swift in Sources */ = {isa = PBXBuildFile; fileRef = 84F3D44F1FA861A100863F0E /* MyLayout.swift */; };
/* End PBXBuildFile section */

/* Begin PBXFileReference section */
		84F3D43A1FA829E200863F0E /* SwiftDemo09.app */ = {isa = PBXFileReference; explicitFileType = wrapper.application; includeInIndex = 0; path = SwiftDemo09.app; sourceTree = BUILT_PRODUCTS_DIR; };
		84F3D43D1FA829E200863F0E /* AppDelegate.swift */ = {isa = PBXFileReference; lastKnownFileType = sourcecode.swift; path = AppDelegate.swift; sourceTree = "<group>"; };
		84F3D43F1FA829E200863F0E /* ViewController.swift */ = {isa = PBXFileReference; lastKnownFileType = sourcecode.swift; path = ViewController.swift; sourceTree = "<group>"; };
		84F3D4421FA829E200863F0E /* Base */ = {isa = PBXFileReference; lastKnownFileType = file.storyboard; name = Base; path = Base.lproj/Main.storyboard; sourceTree = "<group>"; };
		84F3D4441FA829E200863F0E /* Assets.xcassets */ = {isa = PBXFileReference; lastKnownFileType = folder.assetcatalog; path = Assets.xcassets; sourceTree = "<group>"; };
		84F3D4471FA829E200863F0E /* Base */ = {isa = PBXFileReference; lastKnownFileType = file.storyboard; name = Base; path = Base.lproj/LaunchScreen.storyboard; sourceTree = "<group>"; };
		84F3D4491FA829E200863F0E /* Info.plist */ = {isa = PBXFileReference; lastKnownFileType = text.plist.xml; path = Info.plist; sourceTree = "<group>"; };
		84F3D44F1FA861A100863F0E /* MyLayout.swift */ = {isa = PBXFileReference; lastKnownFileType = sourcecode.swift; path = MyLayout.swift; sourceTree = "<group>"; };
/* End PBXFileReference section */

/* Begin PBXFrameworksBuildPhase section */
		84F3D4371FA829E200863F0E /* Frameworks */ = {
			isa = PBXFrameworksBuildPhase;
			buildActionMask = 2147483647;
			files = (
			);
			runOnlyForDeploymentPostprocessing = 0;
		};
/* End PBXFrameworksBuildPhase section */

/* Begin PBXGroup section */
		84F3D4311FA829E200863F0E = {
			isa = PBXGroup;
			children = (
				84F3D43C1FA829E200863F0E /* SwiftDemo09 */,
				84F3D43B1FA829E200863F0E /* Products */,
			);
			sourceTree = "<group>";
		};
		84F3D43B1FA829E200863F0E /* Products */ = {
			isa = PBXGroup;
			children = (
				84F3D43A1FA829E200863F0E /* SwiftDemo09.app */,
			);
			name = Products;
			sourceTree = "<group>";
		};
		84F3D43C1FA829E200863F0E /* SwiftDemo09 */ = {
			isa = PBXGroup;
			children = (
				84F3D43D1FA829E200863F0E /* AppDelegate.swift */,
				84F3D43F1FA829E200863F0E /* ViewController.swift */,
				84F3D44F1FA861A100863F0E /* MyLayout.swift */,
				84F3D4411FA829E200863F0E /* Main.storyboard */,
				84F3D4441FA829E200863F0E /* Assets.xcassets */,
				84F3D4461FA829E200863F0E /* LaunchScreen.storyboard */,
				84F3D4491FA829E200863F0E /* Info.plist */,
			);
			path = SwiftDemo09;
			sourceTree = "<group>";
		};
/* End PBXGroup section */

/* Begin PBXNativeTarget section */
		84F3D4391FA829E200863F0E /* SwiftDemo09 */ = {
			isa = PBXNativeTarget;
			buildConfigurationList = 84F3D44C1FA829E200863F0E /* Build configuration list for PBXNativeTarget "SwiftDemo09" */;
			buildPhases = (
				84F3D4361FA829E200863F0E /* Sources */,
				84F3D4371FA829E200863F0E /* Frameworks */,
				84F3D4381FA829E200863F0E /* Resources */,
			);
			buildRules = (
			);
			dependencies = (
			);
			name = SwiftDemo09;
			productName = SwiftDemo09;
			productReference = 84F3D43A1FA829E200863F0E /* SwiftDemo09.app */;
			productType = "com.apple.product-type.application";
		};
/* End PBXNativeTarget section */

/* Begin PBXProject section */
		84F3D4321FA829E200863F0E /* Project object */ = {
			isa = PBXProject;
			attributes = {
				LastSwiftUpdateCheck = 0900;
				LastUpgradeCheck = 0900;
				ORGANIZATIONNAME = Crack;
				TargetAttributes = {
					84F3D4391FA829E200863F0E = {
						CreatedOnToolsVersion = 9.0.1;
						ProvisioningStyle = Automatic;
					};
				};
			};
			buildConfigurationList = 84F3D4351FA829E200863F0E /* Build configuration list for PBXProject "SwiftDemo09" */;
			compatibilityVersion = "Xcode 8.0";
			developmentRegion = en;
			hasScannedForEncodings = 0;
			knownRegions = (
				en,
				Base,
			);
			mainGroup = 84F3D4311FA829E200863F0E;
			productRefGroup = 84F3D43B1FA829E200863F0E /* Products */;
			projectDirPath = "";
			projectRoot = "";
			targets = (
				84F3D4391FA829E200863F0E /* SwiftDemo09 */,
			);
		};
/* End PBXProject section */

/* Begin PBXResourcesBuildPhase section */
		84F3D4381FA829E200863F0E /* Resources */ = {
			isa = PBXResourcesBuildPhase;
			buildActionMask = 2147483647;
			files = (
				84F3D4481FA829E200863F0E /* LaunchScreen.storyboard in Resources */,
				84F3D4451FA829E200863F0E /* Assets.xcassets in Resources */,
				84F3D4431FA829E200863F0E /* Main.storyboard in Resources */,
			);
			runOnlyForDeploymentPostprocessing = 0;
		};
/* End PBXResourcesBuildPhase section */

/* Begin PBXSourcesBuildPhase section */
		84F3D4361FA829E200863F0E /* Sources */ = {
			isa = PBXSourcesBuildPhase;
			buildActionMask = 2147483647;
			files = (
				84F3D4501FA861A100863F0E /* MyLayout.swift in Sources */,
				84F3D4401FA829E200863F0E /* ViewController.swift in Sources */,
				84F3D43E1FA829E200863F0E /* AppDelegate.swift in Sources */,
			);
			runOnlyForDeploymentPostprocessing = 0;
		};
/* End PBXSourcesBuildPhase section */

/* Begin PBXVariantGroup section */
		84F3D4411FA829E200863F0E /* Main.storyboard */ = {
			isa = PBXVariantGroup;
			children = (
				84F3D4421FA829E200863F0E /* Base */,
			);
			name = Main.storyboard;
			sourceTree = "<group>";
		};
		84F3D4461FA829E200863F0E /* LaunchScreen.storyboard */ = {
			isa = PBXVariantGroup;
			children = (
				84F3D4471FA829E200863F0E /* Base */,
			);
			name = LaunchScreen.storyboard;
			sourceTree = "<group>";
		};
/* End PBXVariantGroup section */

/* Begin XCBuildConfiguration section */
		84F3D44A1FA829E200863F0E /* Debug */ = {
			isa = XCBuildConfiguration;
			buildSettings = {
				ALWAYS_SEARCH_USER_PATHS = NO;
				CLANG_ANALYZER_NONNULL = YES;
				CLANG_ANALYZER_NUMBER_OBJECT_CONVERSION = YES_AGGRESSIVE;
				CLANG_CXX_LANGUAGE_STANDARD = "gnu++14";
				CLANG_CXX_LIBRARY = "libc++";
				CLANG_ENABLE_MODULES = YES;
				CLANG_ENABLE_OBJC_ARC = YES;
				CLANG_WARN_BLOCK_CAPTURE_AUTORELEASING = YES;
				CLANG_WARN_BOOL_CONVERSION = YES;
				CLANG_WARN_COMMA = YES;
				CLANG_WARN_CONSTANT_CONVERSION = YES;
				CLANG_WARN_DIRECT_OBJC_ISA_USAGE = YES_ERROR;
				CLANG_WARN_DOCUMENTATION_COMMENTS = YES;
				CLANG_WARN_EMPTY_BODY = YES;
				CLANG_WARN_ENUM_CONVERSION = YES;
				CLANG_WARN_INFINITE_RECURSION = YES;
				CLANG_WARN_INT_CONVERSION = YES;
				CLANG_WARN_NON_LITERAL_NULL_CONVERSION = YES;
				CLANG_WARN_OBJC_LITERAL_CONVERSION = YES;
				CLANG_WARN_OBJC_ROOT_CLASS = YES_ERROR;
				CLANG_WARN_RANGE_LOOP_ANALYSIS = YES;
				CLANG_WARN_STRICT_PROTOTYPES = YES;
				CLANG_WARN_SUSPICIOUS_MOVE = YES;
				CLANG_WARN_UNGUARDED_AVAILABILITY = YES_AGGRESSIVE;
				CLANG_WARN_UNREACHABLE_CODE = YES;
				CLANG_WARN__DUPLICATE_METHOD_MATCH = YES;
				CODE_SIGN_IDENTITY = "iPhone Developer";
				COPY_PHASE_STRIP = NO;
				DEBUG_INFORMATION_FORMAT = dwarf;
				ENABLE_STRICT_OBJC_MSGSEND = YES;
				ENABLE_TESTABILITY = YES;
				GCC_C_LANGUAGE_STANDARD = gnu11;
				GCC_DYNAMIC_NO_PIC = NO;
				GCC_NO_COMMON_BLOCKS = YES;
				GCC_OPTIMIZATION_LEVEL = 0;
				GCC_PREPROCESSOR_DEFINITIONS = (
					"DEBUG=1",
					"$(inherited)",
				);
				GCC_WARN_64_TO_32_BIT_CONVERSION = YES;
				GCC_WARN_ABOUT_RETURN_TYPE = YES_ERROR;
				GCC_WARN_UNDECLARED_SELECTOR = YES;
				GCC_WARN_UNINITIALIZED_AUTOS = YES_AGGRESSIVE;
				GCC_WARN_UNUSED_FUNCTION = YES;
				GCC_WARN_UNUSED_VARIABLE = YES;
				IPHONEOS_DEPLOYMENT_TARGET = 11.0;
				MTL_ENABLE_DEBUG_INFO = YES;
				ONLY_ACTIVE_ARCH = YES;
				SDKROOT = iphoneos;
				SWIFT_ACTIVE_COMPILATION_CONDITIONS = DEBUG;
				SWIFT_OPTIMIZATION_LEVEL = "-Onone";
			};
			name = Debug;
		};
		84F3D44B1FA829E200863F0E /* Release */ = {
			isa = XCBuildConfiguration;
			buildSettings = {
				ALWAYS_SEARCH_USER_PATHS = NO;
				CLANG_ANALYZER_NONNULL = YES;
				CLANG_ANALYZER_NUMBER_OBJECT_CONVERSION = YES_AGGRESSIVE;
				CLANG_CXX_LANGUAGE_STANDARD = "gnu++14";
				CLANG_CXX_LIBRARY = "libc++";
				CLANG_ENABLE_MODULES = YES;
				CLANG_ENABLE_OBJC_ARC = YES;
				CLANG_WARN_BLOCK_CAPTURE_AUTORELEASING = YES;
				CLANG_WARN_BOOL_CONVERSION = YES;
				CLANG_WARN_COMMA = YES;
				CLANG_WARN_CONSTANT_CONVERSION = YES;
				CLANG_WARN_DIRECT_OBJC_ISA_USAGE = YES_ERROR;
				CLANG_WARN_DOCUMENTATION_COMMENTS = YES;
				CLANG_WARN_EMPTY_BODY = YES;
				CLANG_WARN_ENUM_CONVERSION = YES;
				CLANG_WARN_INFINITE_RECURSION = YES;
				CLANG_WARN_INT_CONVERSION = YES;
				CLANG_WARN_NON_LITERAL_NULL_CONVERSION = YES;
				CLANG_WARN_OBJC_LITERAL_CONVERSION = YES;
				CLANG_WARN_OBJC_ROOT_CLASS = YES_ERROR;
				CLANG_WARN_RANGE_LOOP_ANALYSIS = YES;
				CLANG_WARN_STRICT_PROTOTYPES = YES;
				CLANG_WARN_SUSPICIOUS_MOVE = YES;
				CLANG_WARN_UNGUARDED_AVAILABILITY = YES_AGGRESSIVE;
				CLANG_WARN_UNREACHABLE_CODE = YES;
				CLANG_WARN__DUPLICATE_METHOD_MATCH = YES;
				CODE_SIGN_IDENTITY = "iPhone Developer";
				COPY_PHASE_STRIP = NO;
				DEBUG_INFORMATION_FORMAT = "dwarf-with-dsym";
				ENABLE_NS_ASSERTIONS = NO;
				ENABLE_STRICT_OBJC_MSGSEND = YES;
				GCC_C_LANGUAGE_STANDARD = gnu11;
				GCC_NO_COMMON_BLOCKS = YES;
				GCC_WARN_64_TO_32_BIT_CONVERSION = YES;
				GCC_WARN_ABOUT_RETURN_TYPE = YES_ERROR;
				GCC_WARN_UNDECLARED_SELECTOR = YES;
				GCC_WARN_UNINITIALIZED_AUTOS = YES_AGGRESSIVE;
				GCC_WARN_UNUSED_FUNCTION = YES;
				GCC_WARN_UNUSED_VARIABLE = YES;
				IPHONEOS_DEPLOYMENT_TARGET = 11.0;
				MTL_ENABLE_DEBUG_INFO = NO;
				SDKROOT = iphoneos;
				SWIFT_OPTIMIZATION_LEVEL = "-Owholemodule";
				VALIDATE_PRODUCT = YES;
			};
			name = Release;
		};
		84F3D44D1FA829E200863F0E /* Debug */ = {
			isa = XCBuildConfiguration;
			buildSettings = {
				ASSETCATALOG_COMPILER_APPICON_NAME = AppIcon;
				CODE_SIGN_STYLE = Automatic;
				INFOPLIST_FILE = SwiftDemo09/Info.plist;
				LD_RUNPATH_SEARCH_PATHS = "$(inherited) @executable_path/Frameworks";
				PRODUCT_BUNDLE_IDENTIFIER = com.pyw.SwiftDemo09;
				PRODUCT_NAME = "$(TARGET_NAME)";
				SWIFT_VERSION = 4.0;
				TARGETED_DEVICE_FAMILY = "1,2";
			};
			name = Debug;
		};
		84F3D44E1FA829E200863F0E /* Release */ = {
			isa = XCBuildConfiguration;
			buildSettings = {
				ASSETCATALOG_COMPILER_APPICON_NAME = AppIcon;
				CODE_SIGN_STYLE = Automatic;
				INFOPLIST_FILE = SwiftDemo09/Info.plist;
				LD_RUNPATH_SEARCH_PATHS = "$(inherited) @executable_path/Frameworks";
				PRODUCT_BUNDLE_IDENTIFIER = com.pyw.SwiftDemo09;
				PRODUCT_NAME = "$(TARGET_NAME)";
				SWIFT_VERSION = 4.0;
				TARGETED_DEVICE_FAMILY = "1,2";
			};
			name = Release;
		};
/* End XCBuildConfiguration section */

/* Begin XCConfigurationList section */
		84F3D4351FA829E200863F0E /* Build configuration list for PBXProject "SwiftDemo09" */ = {
			isa = XCConfigurationList;
			buildConfigurations = (
				84F3D44A1FA829E200863F0E /* Debug */,
				84F3D44B1FA829E200863F0E /* Release */,
			);
			defaultConfigurationIsVisible = 0;
			defaultConfigurationName = Release;
		};
		84F3D44C1FA829E200863F0E /* Build configuration list for PBXNativeTarget "SwiftDemo09" */ = {
			isa = XCConfigurationList;
			buildConfigurations = (
				84F3D44D1FA829E200863F0E /* Debug */,
				84F3D44E1FA829E200863F0E /* Release */,
			);
			defaultConfigurationIsVisible = 0;
			defaultConfigurationName = Release;
		};
/* End XCConfigurationList section */
	};
	rootObject = 84F3D4321FA829E200863F0E /* Project object */;
}
