// !$*UTF8*$!
{
	archiveVersion = 1;
	classes = {
	};
	objectVersion = 48;
	objects = {

/* Begin PBXBuildFile section */
		842F86F11F9BBF1F0091E796 /* AppDelegate.swift in Sources */ = {isa = PBXBuildFile; fileRef = 842F86F01F9BBF1F0091E796 /* AppDelegate.swift */; };
		842F86F31F9BBF1F0091E796 /* ViewController.swift in Sources */ = {isa = PBXBuildFile; fileRef = 842F86F21F9BBF1F0091E796 /* ViewController.swift */; };
		842F86F61F9BBF1F0091E796 /* Main.storyboard in Resources */ = {isa = PBXBuildFile; fileRef = 842F86F41F9BBF1F0091E796 /* Main.storyboard */; };
		842F86F81F9BBF1F0091E796 /* Assets.xcassets in Resources */ = {isa = PBXBuildFile; fileRef = 842F86F71F9BBF1F0091E796 /* Assets.xcassets */; };
		842F86FB1F9BBF1F0091E796 /* LaunchScreen.storyboard in Resources */ = {isa = PBXBuildFile; fileRef = 842F86F91F9BBF1F0091E796 /* LaunchScreen.storyboard */; };
		843DFE571F9BC1A7008228DE /* pinyin.m in Sources */ = {isa = PBXBuildFile; fileRef = 842F87051F9BBF810091E796 /* pinyin.m */; };
		843DFE581F9BC1A7008228DE /* ChineseString.m in Sources */ = {isa = PBXBuildFile; fileRef = 842F87041F9BBF810091E796 /* ChineseString.m */; };
/* End PBXBuildFile section */

/* Begin PBXFileReference section */
		842F86ED1F9BBF1F0091E796 /* SwiftDemo02.app */ = {isa = PBXFileReference; explicitFileType = wrapper.application; includeInIndex = 0; path = SwiftDemo02.app; sourceTree = BUILT_PRODUCTS_DIR; };
		842F86F01F9BBF1F0091E796 /* AppDelegate.swift */ = {isa = PBXFileReference; lastKnownFileType = sourcecode.swift; path = AppDelegate.swift; sourceTree = "<group>"; };
		842F86F21F9BBF1F0091E796 /* ViewController.swift */ = {isa = PBXFileReference; lastKnownFileType = sourcecode.swift; path = ViewController.swift; sourceTree = "<group>"; };
		842F86F51F9BBF1F0091E796 /* Base */ = {isa = PBXFileReference; lastKnownFileType = file.storyboard; name = Base; path = Base.lproj/Main.storyboard; sourceTree = "<group>"; };
		842F86F71F9BBF1F0091E796 /* Assets.xcassets */ = {isa = PBXFileReference; lastKnownFileType = folder.assetcatalog; path = Assets.xcassets; sourceTree = "<group>"; };
		842F86FA1F9BBF1F0091E796 /* Base */ = {isa = PBXFileReference; lastKnownFileType = file.storyboard; name = Base; path = Base.lproj/LaunchScreen.storyboard; sourceTree = "<group>"; };
		842F86FC1F9BBF1F0091E796 /* Info.plist */ = {isa = PBXFileReference; lastKnownFileType = text.plist.xml; path = Info.plist; sourceTree = "<group>"; };
		842F87031F9BBF810091E796 /* ChineseString.h */ = {isa = PBXFileReference; lastKnownFileType = sourcecode.c.h; path = ChineseString.h; sourceTree = "<group>"; };
		842F87041F9BBF810091E796 /* ChineseString.m */ = {isa = PBXFileReference; lastKnownFileType = sourcecode.c.objc; path = ChineseString.m; sourceTree = "<group>"; };
		842F87051F9BBF810091E796 /* pinyin.m */ = {isa = PBXFileReference; lastKnownFileType = sourcecode.c.objc; path = pinyin.m; sourceTree = "<group>"; };
		842F87061F9BBF810091E796 /* pinyin.h */ = {isa = PBXFileReference; lastKnownFileType = sourcecode.c.h; path = pinyin.h; sourceTree = "<group>"; };
		842F87081F9BC00C0091E796 /* SwiftDemo02-Bridging-Header.h */ = {isa = PBXFileReference; lastKnownFileType = sourcecode.c.h; path = "SwiftDemo02-Bridging-Header.h"; sourceTree = "<group>"; };
/* End PBXFileReference section */

/* Begin PBXFrameworksBuildPhase section */
		842F86EA1F9BBF1F0091E796 /* Frameworks */ = {
			isa = PBXFrameworksBuildPhase;
			buildActionMask = 2147483647;
			files = (
			);
			runOnlyForDeploymentPostprocessing = 0;
		};
/* End PBXFrameworksBuildPhase section */

/* Begin PBXGroup section */
		842F86E41F9BBF1F0091E796 = {
			isa = PBXGroup;
			children = (
				842F86EF1F9BBF1F0091E796 /* SwiftDemo02 */,
				842F86EE1F9BBF1F0091E796 /* Products */,
			);
			sourceTree = "<group>";
		};
		842F86EE1F9BBF1F0091E796 /* Products */ = {
			isa = PBXGroup;
			children = (
				842F86ED1F9BBF1F0091E796 /* SwiftDemo02.app */,
			);
			name = Products;
			sourceTree = "<group>";
		};
		842F86EF1F9BBF1F0091E796 /* SwiftDemo02 */ = {
			isa = PBXGroup;
			children = (
				842F87031F9BBF810091E796 /* ChineseString.h */,
				842F87041F9BBF810091E796 /* ChineseString.m */,
				842F87061F9BBF810091E796 /* pinyin.h */,
				842F87051F9BBF810091E796 /* pinyin.m */,
				842F86F01F9BBF1F0091E796 /* AppDelegate.swift */,
				842F86F21F9BBF1F0091E796 /* ViewController.swift */,
				842F86F41F9BBF1F0091E796 /* Main.storyboard */,
				842F86F71F9BBF1F0091E796 /* Assets.xcassets */,
				842F86F91F9BBF1F0091E796 /* LaunchScreen.storyboard */,
				842F86FC1F9BBF1F0091E796 /* Info.plist */,
				842F87081F9BC00C0091E796 /* SwiftDemo02-Bridging-Header.h */,
			);
			path = SwiftDemo02;
			sourceTree = "<group>";
		};
/* End PBXGroup section */

/* Begin PBXNativeTarget section */
		842F86EC1F9BBF1F0091E796 /* SwiftDemo02 */ = {
			isa = PBXNativeTarget;
			buildConfigurationList = 842F86FF1F9BBF1F0091E796 /* Build configuration list for PBXNativeTarget "SwiftDemo02" */;
			buildPhases = (
				842F86E91F9BBF1F0091E796 /* Sources */,
				842F86EA1F9BBF1F0091E796 /* Frameworks */,
				842F86EB1F9BBF1F0091E796 /* Resources */,
			);
			buildRules = (
			);
			dependencies = (
			);
			name = SwiftDemo02;
			productName = SwiftDemo02;
			productReference = 842F86ED1F9BBF1F0091E796 /* SwiftDemo02.app */;
			productType = "com.apple.product-type.application";
		};
/* End PBXNativeTarget section */

/* Begin PBXProject section */
		842F86E51F9BBF1F0091E796 /* Project object */ = {
			isa = PBXProject;
			attributes = {
				LastSwiftUpdateCheck = 0900;
				LastUpgradeCheck = 0900;
				ORGANIZATIONNAME = Crack;
				TargetAttributes = {
					842F86EC1F9BBF1F0091E796 = {
						CreatedOnToolsVersion = 9.0;
						LastSwiftMigration = 0900;
						ProvisioningStyle = Automatic;
					};
				};
			};
			buildConfigurationList = 842F86E81F9BBF1F0091E796 /* Build configuration list for PBXProject "SwiftDemo02" */;
			compatibilityVersion = "Xcode 8.0";
			developmentRegion = en;
			hasScannedForEncodings = 0;
			knownRegions = (
				en,
				Base,
			);
			mainGroup = 842F86E41F9BBF1F0091E796;
			productRefGroup = 842F86EE1F9BBF1F0091E796 /* Products */;
			projectDirPath = "";
			projectRoot = "";
			targets = (
				842F86EC1F9BBF1F0091E796 /* SwiftDemo02 */,
			);
		};
/* End PBXProject section */

/* Begin PBXResourcesBuildPhase section */
		842F86EB1F9BBF1F0091E796 /* Resources */ = {
			isa = PBXResourcesBuildPhase;
			buildActionMask = 2147483647;
			files = (
				842F86FB1F9BBF1F0091E796 /* LaunchScreen.storyboard in Resources */,
				842F86F81F9BBF1F0091E796 /* Assets.xcassets in Resources */,
				842F86F61F9BBF1F0091E796 /* Main.storyboard in Resources */,
			);
			runOnlyForDeploymentPostprocessing = 0;
		};
/* End PBXResourcesBuildPhase section */

/* Begin PBXSourcesBuildPhase section */
		842F86E91F9BBF1F0091E796 /* Sources */ = {
			isa = PBXSourcesBuildPhase;
			buildActionMask = 2147483647;
			files = (
				843DFE581F9BC1A7008228DE /* ChineseString.m in Sources */,
				842F86F31F9BBF1F0091E796 /* ViewController.swift in Sources */,
				842F86F11F9BBF1F0091E796 /* AppDelegate.swift in Sources */,
				843DFE571F9BC1A7008228DE /* pinyin.m in Sources */,
			);
			runOnlyForDeploymentPostprocessing = 0;
		};
/* End PBXSourcesBuildPhase section */

/* Begin PBXVariantGroup section */
		842F86F41F9BBF1F0091E796 /* Main.storyboard */ = {
			isa = PBXVariantGroup;
			children = (
				842F86F51F9BBF1F0091E796 /* Base */,
			);
			name = Main.storyboard;
			sourceTree = "<group>";
		};
		842F86F91F9BBF1F0091E796 /* LaunchScreen.storyboard */ = {
			isa = PBXVariantGroup;
			children = (
				842F86FA1F9BBF1F0091E796 /* Base */,
			);
			name = LaunchScreen.storyboard;
			sourceTree = "<group>";
		};
/* End PBXVariantGroup section */

/* Begin XCBuildConfiguration section */
		842F86FD1F9BBF1F0091E796 /* Debug */ = {
			isa = XCBuildConfiguration;
			buildSettings = {
				ALWAYS_SEARCH_USER_PATHS = NO;
				CLANG_ANALYZER_NONNULL = YES;
				CLANG_ANALYZER_NUMBER_OBJECT_CONVERSION = YES_AGGRESSIVE;
				CLANG_CXX_LANGUAGE_STANDARD = "gnu++14";
				CLANG_CXX_LIBRARY = "libc++";
				CLANG_ENABLE_MODULES = YES;
				CLANG_ENABLE_OBJC_ARC = YES;
				CLANG_WARN_BLOCK_CAPTURE_AUTORELEASING = YES;
				CLANG_WARN_BOOL_CONVERSION = YES;
				CLANG_WARN_COMMA = YES;
				CLANG_WARN_CONSTANT_CONVERSION = YES;
				CLANG_WARN_DIRECT_OBJC_ISA_USAGE = YES_ERROR;
				CLANG_WARN_DOCUMENTATION_COMMENTS = YES;
				CLANG_WARN_EMPTY_BODY = YES;
				CLANG_WARN_ENUM_CONVERSION = YES;
				CLANG_WARN_INFINITE_RECURSION = YES;
				CLANG_WARN_INT_CONVERSION = YES;
				CLANG_WARN_NON_LITERAL_NULL_CONVERSION = YES;
				CLANG_WARN_OBJC_LITERAL_CONVERSION = YES;
				CLANG_WARN_OBJC_ROOT_CLASS = YES_ERROR;
				CLANG_WARN_RANGE_LOOP_ANALYSIS = YES;
				CLANG_WARN_STRICT_PROTOTYPES = YES;
				CLANG_WARN_SUSPICIOUS_MOVE = YES;
				CLANG_WARN_UNGUARDED_AVAILABILITY = YES_AGGRESSIVE;
				CLANG_WARN_UNREACHABLE_CODE = YES;
				CLANG_WARN__DUPLICATE_METHOD_MATCH = YES;
				CODE_SIGN_IDENTITY = "iPhone Developer";
				COPY_PHASE_STRIP = NO;
				DEBUG_INFORMATION_FORMAT = dwarf;
				ENABLE_STRICT_OBJC_MSGSEND = YES;
				ENABLE_TESTABILITY = YES;
				GCC_C_LANGUAGE_STANDARD = gnu11;
				GCC_DYNAMIC_NO_PIC = NO;
				GCC_NO_COMMON_BLOCKS = YES;
				GCC_OPTIMIZATION_LEVEL = 0;
				GCC_PREPROCESSOR_DEFINITIONS = (
					"DEBUG=1",
					"$(inherited)",
				);
				GCC_WARN_64_TO_32_BIT_CONVERSION = YES;
				GCC_WARN_ABOUT_RETURN_TYPE = YES_ERROR;
				GCC_WARN_UNDECLARED_SELECTOR = YES;
				GCC_WARN_UNINITIALIZED_AUTOS = YES_AGGRESSIVE;
				GCC_WARN_UNUSED_FUNCTION = YES;
				GCC_WARN_UNUSED_VARIABLE = YES;
				IPHONEOS_DEPLOYMENT_TARGET = 11.0;
				MTL_ENABLE_DEBUG_INFO = YES;
				ONLY_ACTIVE_ARCH = YES;
				SDKROOT = iphoneos;
				SWIFT_ACTIVE_COMPILATION_CONDITIONS = DEBUG;
				SWIFT_OPTIMIZATION_LEVEL = "-Onone";
			};
			name = Debug;
		};
		842F86FE1F9BBF1F0091E796 /* Release */ = {
			isa = XCBuildConfiguration;
			buildSettings = {
				ALWAYS_SEARCH_USER_PATHS = NO;
				CLANG_ANALYZER_NONNULL = YES;
				CLANG_ANALYZER_NUMBER_OBJECT_CONVERSION = YES_AGGRESSIVE;
				CLANG_CXX_LANGUAGE_STANDARD = "gnu++14";
				CLANG_CXX_LIBRARY = "libc++";
				CLANG_ENABLE_MODULES = YES;
				CLANG_ENABLE_OBJC_ARC = YES;
				CLANG_WARN_BLOCK_CAPTURE_AUTORELEASING = YES;
				CLANG_WARN_BOOL_CONVERSION = YES;
				CLANG_WARN_COMMA = YES;
				CLANG_WARN_CONSTANT_CONVERSION = YES;
				CLANG_WARN_DIRECT_OBJC_ISA_USAGE = YES_ERROR;
				CLANG_WARN_DOCUMENTATION_COMMENTS = YES;
				CLANG_WARN_EMPTY_BODY = YES;
				CLANG_WARN_ENUM_CONVERSION = YES;
				CLANG_WARN_INFINITE_RECURSION = YES;
				CLANG_WARN_INT_CONVERSION = YES;
				CLANG_WARN_NON_LITERAL_NULL_CONVERSION = YES;
				CLANG_WARN_OBJC_LITERAL_CONVERSION = YES;
				CLANG_WARN_OBJC_ROOT_CLASS = YES_ERROR;
				CLANG_WARN_RANGE_LOOP_ANALYSIS = YES;
				CLANG_WARN_STRICT_PROTOTYPES = YES;
				CLANG_WARN_SUSPICIOUS_MOVE = YES;
				CLANG_WARN_UNGUARDED_AVAILABILITY = YES_AGGRESSIVE;
				CLANG_WARN_UNREACHABLE_CODE = YES;
				CLANG_WARN__DUPLICATE_METHOD_MATCH = YES;
				CODE_SIGN_IDENTITY = "iPhone Developer";
				COPY_PHASE_STRIP = NO;
				DEBUG_INFORMATION_FORMAT = "dwarf-with-dsym";
				ENABLE_NS_ASSERTIONS = NO;
				ENABLE_STRICT_OBJC_MSGSEND = YES;
				GCC_C_LANGUAGE_STANDARD = gnu11;
				GCC_NO_COMMON_BLOCKS = YES;
				GCC_WARN_64_TO_32_BIT_CONVERSION = YES;
				GCC_WARN_ABOUT_RETURN_TYPE = YES_ERROR;
				GCC_WARN_UNDECLARED_SELECTOR = YES;
				GCC_WARN_UNINITIALIZED_AUTOS = YES_AGGRESSIVE;
				GCC_WARN_UNUSED_FUNCTION = YES;
				GCC_WARN_UNUSED_VARIABLE = YES;
				IPHONEOS_DEPLOYMENT_TARGET = 11.0;
				MTL_ENABLE_DEBUG_INFO = NO;
				SDKROOT = iphoneos;
				SWIFT_OPTIMIZATION_LEVEL = "-Owholemodule";
				VALIDATE_PRODUCT = YES;
			};
			name = Release;
		};
		842F87001F9BBF1F0091E796 /* Debug */ = {
			isa = XCBuildConfiguration;
			buildSettings = {
				ASSETCATALOG_COMPILER_APPICON_NAME = AppIcon;
				CLANG_ENABLE_MODULES = YES;
				CODE_SIGN_STYLE = Automatic;
				INFOPLIST_FILE = SwiftDemo02/Info.plist;
				LD_RUNPATH_SEARCH_PATHS = "$(inherited) @executable_path/Frameworks";
				PRODUCT_BUNDLE_IDENTIFIER = com.pyw.SwiftDemo02;
				PRODUCT_NAME = "$(TARGET_NAME)";
				SWIFT_OBJC_BRIDGING_HEADER = "SwiftDemo02/SwiftDemo02-Bridging-Header.h";
				SWIFT_OPTIMIZATION_LEVEL = "-Onone";
				SWIFT_VERSION = 4.0;
				TARGETED_DEVICE_FAMILY = "1,2";
			};
			name = Debug;
		};
		842F87011F9BBF1F0091E796 /* Release */ = {
			isa = XCBuildConfiguration;
			buildSettings = {
				ASSETCATALOG_COMPILER_APPICON_NAME = AppIcon;
				CLANG_ENABLE_MODULES = YES;
				CODE_SIGN_STYLE = Automatic;
				INFOPLIST_FILE = SwiftDemo02/Info.plist;
				LD_RUNPATH_SEARCH_PATHS = "$(inherited) @executable_path/Frameworks";
				PRODUCT_BUNDLE_IDENTIFIER = com.pyw.SwiftDemo02;
				PRODUCT_NAME = "$(TARGET_NAME)";
				SWIFT_OBJC_BRIDGING_HEADER = "SwiftDemo02/SwiftDemo02-Bridging-Header.h";
				SWIFT_VERSION = 4.0;
				TARGETED_DEVICE_FAMILY = "1,2";
			};
			name = Release;
		};
/* End XCBuildConfiguration section */

/* Begin XCConfigurationList section */
		842F86E81F9BBF1F0091E796 /* Build configuration list for PBXProject "SwiftDemo02" */ = {
			isa = XCConfigurationList;
			buildConfigurations = (
				842F86FD1F9BBF1F0091E796 /* Debug */,
				842F86FE1F9BBF1F0091E796 /* Release */,
			);
			defaultConfigurationIsVisible = 0;
			defaultConfigurationName = Release;
		};
		842F86FF1F9BBF1F0091E796 /* Build configuration list for PBXNativeTarget "SwiftDemo02" */ = {
			isa = XCConfigurationList;
			buildConfigurations = (
				842F87001F9BBF1F0091E796 /* Debug */,
				842F87011F9BBF1F0091E796 /* Release */,
			);
			defaultConfigurationIsVisible = 0;
			defaultConfigurationName = Release;
		};
/* End XCConfigurationList section */
	};
	rootObject = 842F86E51F9BBF1F0091E796 /* Project object */;
}
